
Microsoft Visual Studio Solution File, Format Version 12.00
# Visual Studio Version 17
VisualStudioVersion = 17.3.32819.101
MinimumVisualStudioVersion = 10.0.40219.1
Project("{FAE04EC0-301F-11D3-BF4B-00C04F79EFBC}") = "VPV_Strals_01", "VPV_Strals_01\VPV_Strals_01.csproj", "{FC5103D9-3BBF-4E8D-9EE0-994DB06B52EC}"
EndProject
Global
	GlobalSection(SolutionConfigurationPlatforms) = preSolution
		Debug|Any CPU = Debug|Any CPU
		Release|Any CPU = Release|Any CPU
	EndGlobalSection
	GlobalSection(ProjectConfigurationPlatforms) = postSolution
		{FC5103D9-3BBF-4E8D-9EE0-994DB06B52EC}.Debug|Any CPU.ActiveCfg = Debug|Any CPU
		{FC5103D9-3BBF-4E8D-9EE0-994DB06B52EC}.Debug|Any CPU.Build.0 = Debug|Any CPU
		{FC5103D9-3BBF-4E8D-9EE0-994DB06B52EC}.Release|Any CPU.ActiveCfg = Release|Any CPU
		{FC5103D9-3BBF-4E8D-9EE0-994DB06B52EC}.Release|Any CPU.Build.0 = Release|Any CPU
	EndGlobalSection
	GlobalSection(SolutionProperties) = preSolution
		HideSolutionNode = FALSE
	EndGlobalSection
	GlobalSection(ExtensibilityGlobals) = postSolution
		SolutionGuid = {AF02B75E-C6B9-4BE2-95BC-AB6393148169}
	EndGlobalSection
EndGlobal
